
Microsoft Visual Studio Solution File, Format Version 12.00
# Visual Studio Version 17
VisualStudioVersion = 17.8.34322.80
MinimumVisualStudioVersion = 10.0.40219.1
Project("{FAE04EC0-301F-11D3-BF4B-00C04F79EFBC}") = "Application", "Application\Application.csproj", "{DF7DA34B-BD9C-4E33-AE1D-3B6428D821A3}"
EndProject
Project("{FAE04EC0-301F-11D3-BF4B-00C04F79EFBC}") = "Domain", "Domain\Domain.csproj", "{0B2FDBC7-9266-4A30-A87D-6F62AA279F49}"
EndProject
Project("{FAE04EC0-301F-11D3-BF4B-00C04F79EFBC}") = "Infrastructure_", "Infrastructure\Infrastructure_.csproj", "{4EBC486E-2D9B-4D7E-85D7-79FA095A1BF2}"
EndProject
Project("{FAE04EC0-301F-11D3-BF4B-00C04F79EFBC}") = "Web", "Web\Web.csproj", "{D44FB3EF-A657-4F0A-ADEF-54A88B66362A}"
EndProject
Global
	GlobalSection(SolutionConfigurationPlatforms) = preSolution
		Debug|Any CPU = Debug|Any CPU
		Release|Any CPU = Release|Any CPU
	EndGlobalSection
	GlobalSection(ProjectConfigurationPlatforms) = postSolution
		{DF7DA34B-BD9C-4E33-AE1D-3B6428D821A3}.Debug|Any CPU.ActiveCfg = Debug|Any CPU
		{DF7DA34B-BD9C-4E33-AE1D-3B6428D821A3}.Debug|Any CPU.Build.0 = Debug|Any CPU
		{DF7DA34B-BD9C-4E33-AE1D-3B6428D821A3}.Release|Any CPU.ActiveCfg = Release|Any CPU
		{DF7DA34B-BD9C-4E33-AE1D-3B6428D821A3}.Release|Any CPU.Build.0 = Release|Any CPU
		{0B2FDBC7-9266-4A30-A87D-6F62AA279F49}.Debug|Any CPU.ActiveCfg = Debug|Any CPU
		{0B2FDBC7-9266-4A30-A87D-6F62AA279F49}.Debug|Any CPU.Build.0 = Debug|Any CPU
		{0B2FDBC7-9266-4A30-A87D-6F62AA279F49}.Release|Any CPU.ActiveCfg = Release|Any CPU
		{0B2FDBC7-9266-4A30-A87D-6F62AA279F49}.Release|Any CPU.Build.0 = Release|Any CPU
		{4EBC486E-2D9B-4D7E-85D7-79FA095A1BF2}.Debug|Any CPU.ActiveCfg = Debug|Any CPU
		{4EBC486E-2D9B-4D7E-85D7-79FA095A1BF2}.Debug|Any CPU.Build.0 = Debug|Any CPU
		{4EBC486E-2D9B-4D7E-85D7-79FA095A1BF2}.Release|Any CPU.ActiveCfg = Release|Any CPU
		{4EBC486E-2D9B-4D7E-85D7-79FA095A1BF2}.Release|Any CPU.Build.0 = Release|Any CPU
		{D44FB3EF-A657-4F0A-ADEF-54A88B66362A}.Debug|Any CPU.ActiveCfg = Debug|Any CPU
		{D44FB3EF-A657-4F0A-ADEF-54A88B66362A}.Debug|Any CPU.Build.0 = Debug|Any CPU
		{D44FB3EF-A657-4F0A-ADEF-54A88B66362A}.Release|Any CPU.ActiveCfg = Release|Any CPU
		{D44FB3EF-A657-4F0A-ADEF-54A88B66362A}.Release|Any CPU.Build.0 = Release|Any CPU
	EndGlobalSection
	GlobalSection(SolutionProperties) = preSolution
		HideSolutionNode = FALSE
	EndGlobalSection
	GlobalSection(ExtensibilityGlobals) = postSolution
		SolutionGuid = {3F170395-8FC2-4FA0-A63B-A18FD4DD1FCE}
	EndGlobalSection
EndGlobal
